// !$*UTF8*$!
{
	archiveVersion = 1;
	classes = {
	};
	objectVersion = 56;
	objects = {

/* Begin PBXBuildFile section */
		F52B2C472BE66071006ACF7A /* AppDelegate.swift in Sources */ = {isa = PBXBuildFile; fileRef = F52B2C462BE66071006ACF7A /* AppDelegate.swift */; };
		F52B2C492BE66071006ACF7A /* SceneDelegate.swift in Sources */ = {isa = PBXBuildFile; fileRef = F52B2C482BE66071006ACF7A /* SceneDelegate.swift */; };
		F52B2C502BE66073006ACF7A /* Assets.xcassets in Resources */ = {isa = PBXBuildFile; fileRef = F52B2C4F2BE66073006ACF7A /* Assets.xcassets */; };
		F52B2C532BE66073006ACF7A /* Base in Resources */ = {isa = PBXBuildFile; fileRef = F52B2C522BE66073006ACF7A /* Base */; };
		F5929FB42BE8D7EB00F58932 /* Follower.swift in Sources */ = {isa = PBXBuildFile; fileRef = F5929FB32BE8D7EB00F58932 /* Follower.swift */; };
		F5929FB62BE8D9EB00F58932 /* User.swift in Sources */ = {isa = PBXBuildFile; fileRef = F5929FB52BE8D9EB00F58932 /* User.swift */; };
		F5CDBDFD2BE8E13400EBD02E /* NetworkManager.swift in Sources */ = {isa = PBXBuildFile; fileRef = F5CDBDFC2BE8E13400EBD02E /* NetworkManager.swift */; };
		F5CDBE002BE8EEA000EBD02E /* ErrorMessage.swift in Sources */ = {isa = PBXBuildFile; fileRef = F5CDBDFF2BE8EEA000EBD02E /* ErrorMessage.swift */; };
		F5CDBE022BE8F86A00EBD02E /* FollowerCell.swift in Sources */ = {isa = PBXBuildFile; fileRef = F5CDBE012BE8F86A00EBD02E /* FollowerCell.swift */; };
		F5CDBE052BE8F93400EBD02E /* GFAvatarImageView.swift in Sources */ = {isa = PBXBuildFile; fileRef = F5CDBE042BE8F93400EBD02E /* GFAvatarImageView.swift */; };
		F5F69AD22BE7595400D4E6F1 /* SearchVC.swift in Sources */ = {isa = PBXBuildFile; fileRef = F5F69AD12BE7595400D4E6F1 /* SearchVC.swift */; };
		F5F69AD42BE7597F00D4E6F1 /* FavoriteListVC.swift in Sources */ = {isa = PBXBuildFile; fileRef = F5F69AD32BE7597F00D4E6F1 /* FavoriteListVC.swift */; };
		F5F69AD62BE7600900D4E6F1 /* GFButton.swift in Sources */ = {isa = PBXBuildFile; fileRef = F5F69AD52BE7600900D4E6F1 /* GFButton.swift */; };
		F5F69AD82BE763D900D4E6F1 /* GFTextField.swift in Sources */ = {isa = PBXBuildFile; fileRef = F5F69AD72BE763D900D4E6F1 /* GFTextField.swift */; };
		F5F69ADA2BE7794900D4E6F1 /* FollowerListVC.swift in Sources */ = {isa = PBXBuildFile; fileRef = F5F69AD92BE7794900D4E6F1 /* FollowerListVC.swift */; };
		F5F69ADC2BE782AB00D4E6F1 /* GFTitleLabel.swift in Sources */ = {isa = PBXBuildFile; fileRef = F5F69ADB2BE782AB00D4E6F1 /* GFTitleLabel.swift */; };
		F5F69ADE2BE785CB00D4E6F1 /* GFBodyLabel.swift in Sources */ = {isa = PBXBuildFile; fileRef = F5F69ADD2BE785CB00D4E6F1 /* GFBodyLabel.swift */; };
		F5F69AE02BE786B900D4E6F1 /* GFAlertVC.swift in Sources */ = {isa = PBXBuildFile; fileRef = F5F69ADF2BE786B800D4E6F1 /* GFAlertVC.swift */; };
		F5F69AE22BE7901C00D4E6F1 /* UIViewController+Ext.swift in Sources */ = {isa = PBXBuildFile; fileRef = F5F69AE12BE7901C00D4E6F1 /* UIViewController+Ext.swift */; };
/* End PBXBuildFile section */

/* Begin PBXFileReference section */
		F52B2C432BE66071006ACF7A /* GHFollowersApp.app */ = {isa = PBXFileReference; explicitFileType = wrapper.application; includeInIndex = 0; path = GHFollowersApp.app; sourceTree = BUILT_PRODUCTS_DIR; };
		F52B2C462BE66071006ACF7A /* AppDelegate.swift */ = {isa = PBXFileReference; lastKnownFileType = sourcecode.swift; path = AppDelegate.swift; sourceTree = "<group>"; };
		F52B2C482BE66071006ACF7A /* SceneDelegate.swift */ = {isa = PBXFileReference; lastKnownFileType = sourcecode.swift; path = SceneDelegate.swift; sourceTree = "<group>"; };
		F52B2C4F2BE66073006ACF7A /* Assets.xcassets */ = {isa = PBXFileReference; lastKnownFileType = folder.assetcatalog; path = Assets.xcassets; sourceTree = "<group>"; };
		F52B2C522BE66073006ACF7A /* Base */ = {isa = PBXFileReference; lastKnownFileType = file.storyboard; name = Base; path = Base.lproj/LaunchScreen.storyboard; sourceTree = "<group>"; };
		F52B2C542BE66073006ACF7A /* Info.plist */ = {isa = PBXFileReference; lastKnownFileType = text.plist.xml; path = Info.plist; sourceTree = "<group>"; };
		F5929FB32BE8D7EB00F58932 /* Follower.swift */ = {isa = PBXFileReference; lastKnownFileType = sourcecode.swift; path = Follower.swift; sourceTree = "<group>"; };
		F5929FB52BE8D9EB00F58932 /* User.swift */ = {isa = PBXFileReference; lastKnownFileType = sourcecode.swift; path = User.swift; sourceTree = "<group>"; };
		F5CDBDFC2BE8E13400EBD02E /* NetworkManager.swift */ = {isa = PBXFileReference; lastKnownFileType = sourcecode.swift; path = NetworkManager.swift; sourceTree = "<group>"; };
		F5CDBDFF2BE8EEA000EBD02E /* ErrorMessage.swift */ = {isa = PBXFileReference; lastKnownFileType = sourcecode.swift; path = ErrorMessage.swift; sourceTree = "<group>"; };
		F5CDBE012BE8F86A00EBD02E /* FollowerCell.swift */ = {isa = PBXFileReference; lastKnownFileType = sourcecode.swift; path = FollowerCell.swift; sourceTree = "<group>"; };
		F5CDBE042BE8F93400EBD02E /* GFAvatarImageView.swift */ = {isa = PBXFileReference; lastKnownFileType = sourcecode.swift; path = GFAvatarImageView.swift; sourceTree = "<group>"; };
		F5F69AD12BE7595400D4E6F1 /* SearchVC.swift */ = {isa = PBXFileReference; lastKnownFileType = sourcecode.swift; path = SearchVC.swift; sourceTree = "<group>"; };
		F5F69AD32BE7597F00D4E6F1 /* FavoriteListVC.swift */ = {isa = PBXFileReference; lastKnownFileType = sourcecode.swift; path = FavoriteListVC.swift; sourceTree = "<group>"; };
		F5F69AD52BE7600900D4E6F1 /* GFButton.swift */ = {isa = PBXFileReference; lastKnownFileType = sourcecode.swift; path = GFButton.swift; sourceTree = "<group>"; };
		F5F69AD72BE763D900D4E6F1 /* GFTextField.swift */ = {isa = PBXFileReference; lastKnownFileType = sourcecode.swift; path = GFTextField.swift; sourceTree = "<group>"; };
		F5F69AD92BE7794900D4E6F1 /* FollowerListVC.swift */ = {isa = PBXFileReference; lastKnownFileType = sourcecode.swift; path = FollowerListVC.swift; sourceTree = "<group>"; };
		F5F69ADB2BE782AB00D4E6F1 /* GFTitleLabel.swift */ = {isa = PBXFileReference; lastKnownFileType = sourcecode.swift; path = GFTitleLabel.swift; sourceTree = "<group>"; };
		F5F69ADD2BE785CB00D4E6F1 /* GFBodyLabel.swift */ = {isa = PBXFileReference; lastKnownFileType = sourcecode.swift; path = GFBodyLabel.swift; sourceTree = "<group>"; };
		F5F69ADF2BE786B800D4E6F1 /* GFAlertVC.swift */ = {isa = PBXFileReference; lastKnownFileType = sourcecode.swift; path = GFAlertVC.swift; sourceTree = "<group>"; };
		F5F69AE12BE7901C00D4E6F1 /* UIViewController+Ext.swift */ = {isa = PBXFileReference; lastKnownFileType = sourcecode.swift; path = "UIViewController+Ext.swift"; sourceTree = "<group>"; };
/* End PBXFileReference section */

/* Begin PBXFrameworksBuildPhase section */
		F52B2C402BE66071006ACF7A /* Frameworks */ = {
			isa = PBXFrameworksBuildPhase;
			buildActionMask = 2147483647;
			files = (
			);
			runOnlyForDeploymentPostprocessing = 0;
		};
/* End PBXFrameworksBuildPhase section */

/* Begin PBXGroup section */
		F52B2C3A2BE66071006ACF7A = {
			isa = PBXGroup;
			children = (
				F52B2C452BE66071006ACF7A /* GHFollowersApp */,
				F52B2C442BE66071006ACF7A /* Products */,
			);
			sourceTree = "<group>";
		};
		F52B2C442BE66071006ACF7A /* Products */ = {
			isa = PBXGroup;
			children = (
				F52B2C432BE66071006ACF7A /* GHFollowersApp.app */,
			);
			name = Products;
			sourceTree = "<group>";
		};
		F52B2C452BE66071006ACF7A /* GHFollowersApp */ = {
			isa = PBXGroup;
			children = (
				F5CDBDFE2BE8EE9000EBD02E /* Utilities */,
				F52B2C542BE66073006ACF7A /* Info.plist */,
				F5CDBDFB2BE8E12200EBD02E /* Managers */,
				F5929FB22BE8D7CB00F58932 /* Model */,
				F5929FB02BE8D3B000F58932 /* Extensions */,
				F5929FAF2BE8D37600F58932 /* Custom Views */,
				F5929FAE2BE8D33200F58932 /* Screens */,
				F5929FB12BE8D40F00F58932 /* Support */,
			);
			path = GHFollowersApp;
			sourceTree = "<group>";
		};
		F5929FAE2BE8D33200F58932 /* Screens */ = {
			isa = PBXGroup;
			children = (
				F5F69AD12BE7595400D4E6F1 /* SearchVC.swift */,
				F5F69AD92BE7794900D4E6F1 /* FollowerListVC.swift */,
				F5F69AD32BE7597F00D4E6F1 /* FavoriteListVC.swift */,
			);
			path = Screens;
			sourceTree = "<group>";
		};
		F5929FAF2BE8D37600F58932 /* Custom Views */ = {
			isa = PBXGroup;
			children = (
				F5CDBE032BE8F87100EBD02E /* Cells */,
				F5F69ADB2BE782AB00D4E6F1 /* GFTitleLabel.swift */,
				F5F69ADD2BE785CB00D4E6F1 /* GFBodyLabel.swift */,
				F5F69ADF2BE786B800D4E6F1 /* GFAlertVC.swift */,
				F5F69AD52BE7600900D4E6F1 /* GFButton.swift */,
				F5F69AD72BE763D900D4E6F1 /* GFTextField.swift */,
				F5CDBE042BE8F93400EBD02E /* GFAvatarImageView.swift */,
			);
			path = "Custom Views";
			sourceTree = "<group>";
		};
		F5929FB02BE8D3B000F58932 /* Extensions */ = {
			isa = PBXGroup;
			children = (
				F5F69AE12BE7901C00D4E6F1 /* UIViewController+Ext.swift */,
			);
			path = Extensions;
			sourceTree = "<group>";
		};
		F5929FB12BE8D40F00F58932 /* Support */ = {
			isa = PBXGroup;
			children = (
				F52B2C462BE66071006ACF7A /* AppDelegate.swift */,
				F52B2C482BE66071006ACF7A /* SceneDelegate.swift */,
				F52B2C4F2BE66073006ACF7A /* Assets.xcassets */,
				F52B2C512BE66073006ACF7A /* LaunchScreen.storyboard */,
			);
			path = Support;
			sourceTree = "<group>";
		};
		F5929FB22BE8D7CB00F58932 /* Model */ = {
			isa = PBXGroup;
			children = (
				F5929FB32BE8D7EB00F58932 /* Follower.swift */,
				F5929FB52BE8D9EB00F58932 /* User.swift */,
			);
			path = Model;
			sourceTree = "<group>";
		};
		F5CDBDFB2BE8E12200EBD02E /* Managers */ = {
			isa = PBXGroup;
			children = (
				F5CDBDFC2BE8E13400EBD02E /* NetworkManager.swift */,
			);
			path = Managers;
			sourceTree = "<group>";
		};
		F5CDBDFE2BE8EE9000EBD02E /* Utilities */ = {
			isa = PBXGroup;
			children = (
				F5CDBDFF2BE8EEA000EBD02E /* ErrorMessage.swift */,
			);
			path = Utilities;
			sourceTree = "<group>";
		};
		F5CDBE032BE8F87100EBD02E /* Cells */ = {
			isa = PBXGroup;
			children = (
				F5CDBE012BE8F86A00EBD02E /* FollowerCell.swift */,
			);
			path = Cells;
			sourceTree = "<group>";
		};
/* End PBXGroup section */

/* Begin PBXNativeTarget section */
		F52B2C422BE66071006ACF7A /* GHFollowersApp */ = {
			isa = PBXNativeTarget;
			buildConfigurationList = F52B2C572BE66073006ACF7A /* Build configuration list for PBXNativeTarget "GHFollowersApp" */;
			buildPhases = (
				F52B2C3F2BE66071006ACF7A /* Sources */,
				F52B2C402BE66071006ACF7A /* Frameworks */,
				F52B2C412BE66071006ACF7A /* Resources */,
			);
			buildRules = (
			);
			dependencies = (
			);
			name = GHFollowersApp;
			productName = GHFollowersApp;
			productReference = F52B2C432BE66071006ACF7A /* GHFollowersApp.app */;
			productType = "com.apple.product-type.application";
		};
/* End PBXNativeTarget section */

/* Begin PBXProject section */
		F52B2C3B2BE66071006ACF7A /* Project object */ = {
			isa = PBXProject;
			attributes = {
				BuildIndependentTargetsInParallel = 1;
				LastSwiftUpdateCheck = 1530;
				LastUpgradeCheck = 1530;
				TargetAttributes = {
					F52B2C422BE66071006ACF7A = {
						CreatedOnToolsVersion = 15.3;
					};
				};
			};
			buildConfigurationList = F52B2C3E2BE66071006ACF7A /* Build configuration list for PBXProject "GHFollowersApp" */;
			compatibilityVersion = "Xcode 14.0";
			developmentRegion = en;
			hasScannedForEncodings = 0;
			knownRegions = (
				en,
				Base,
			);
			mainGroup = F52B2C3A2BE66071006ACF7A;
			productRefGroup = F52B2C442BE66071006ACF7A /* Products */;
			projectDirPath = "";
			projectRoot = "";
			targets = (
				F52B2C422BE66071006ACF7A /* GHFollowersApp */,
			);
		};
/* End PBXProject section */

/* Begin PBXResourcesBuildPhase section */
		F52B2C412BE66071006ACF7A /* Resources */ = {
			isa = PBXResourcesBuildPhase;
			buildActionMask = 2147483647;
			files = (
				F52B2C502BE66073006ACF7A /* Assets.xcassets in Resources */,
				F52B2C532BE66073006ACF7A /* Base in Resources */,
			);
			runOnlyForDeploymentPostprocessing = 0;
		};
/* End PBXResourcesBuildPhase section */

/* Begin PBXSourcesBuildPhase section */
		F52B2C3F2BE66071006ACF7A /* Sources */ = {
			isa = PBXSourcesBuildPhase;
			buildActionMask = 2147483647;
			files = (
				F5929FB62BE8D9EB00F58932 /* User.swift in Sources */,
				F5F69AD82BE763D900D4E6F1 /* GFTextField.swift in Sources */,
				F5F69AD42BE7597F00D4E6F1 /* FavoriteListVC.swift in Sources */,
				F5F69AD62BE7600900D4E6F1 /* GFButton.swift in Sources */,
				F5F69AE22BE7901C00D4E6F1 /* UIViewController+Ext.swift in Sources */,
				F5CDBE052BE8F93400EBD02E /* GFAvatarImageView.swift in Sources */,
				F5F69AD22BE7595400D4E6F1 /* SearchVC.swift in Sources */,
				F5F69AE02BE786B900D4E6F1 /* GFAlertVC.swift in Sources */,
				F5CDBE022BE8F86A00EBD02E /* FollowerCell.swift in Sources */,
				F5CDBE002BE8EEA000EBD02E /* ErrorMessage.swift in Sources */,
				F5F69ADE2BE785CB00D4E6F1 /* GFBodyLabel.swift in Sources */,
				F5929FB42BE8D7EB00F58932 /* Follower.swift in Sources */,
				F5F69ADC2BE782AB00D4E6F1 /* GFTitleLabel.swift in Sources */,
				F5CDBDFD2BE8E13400EBD02E /* NetworkManager.swift in Sources */,
				F5F69ADA2BE7794900D4E6F1 /* FollowerListVC.swift in Sources */,
				F52B2C472BE66071006ACF7A /* AppDelegate.swift in Sources */,
				F52B2C492BE66071006ACF7A /* SceneDelegate.swift in Sources */,
			);
			runOnlyForDeploymentPostprocessing = 0;
		};
/* End PBXSourcesBuildPhase section */

/* Begin PBXVariantGroup section */
		F52B2C512BE66073006ACF7A /* LaunchScreen.storyboard */ = {
			isa = PBXVariantGroup;
			children = (
				F52B2C522BE66073006ACF7A /* Base */,
			);
			name = LaunchScreen.storyboard;
			sourceTree = "<group>";
		};
/* End PBXVariantGroup section */

/* Begin XCBuildConfiguration section */
		F52B2C552BE66073006ACF7A /* Debug */ = {
			isa = XCBuildConfiguration;
			buildSettings = {
				ALWAYS_SEARCH_USER_PATHS = NO;
				ASSETCATALOG_COMPILER_GENERATE_SWIFT_ASSET_SYMBOL_EXTENSIONS = YES;
				CLANG_ANALYZER_NONNULL = YES;
				CLANG_ANALYZER_NUMBER_OBJECT_CONVERSION = YES_AGGRESSIVE;
				CLANG_CXX_LANGUAGE_STANDARD = "gnu++20";
				CLANG_ENABLE_MODULES = YES;
				CLANG_ENABLE_OBJC_ARC = YES;
				CLANG_ENABLE_OBJC_WEAK = YES;
				CLANG_WARN_BLOCK_CAPTURE_AUTORELEASING = YES;
				CLANG_WARN_BOOL_CONVERSION = YES;
				CLANG_WARN_COMMA = YES;
				CLANG_WARN_CONSTANT_CONVERSION = YES;
				CLANG_WARN_DEPRECATED_OBJC_IMPLEMENTATIONS = YES;
				CLANG_WARN_DIRECT_OBJC_ISA_USAGE = YES_ERROR;
				CLANG_WARN_DOCUMENTATION_COMMENTS = YES;
				CLANG_WARN_EMPTY_BODY = YES;
				CLANG_WARN_ENUM_CONVERSION = YES;
				CLANG_WARN_INFINITE_RECURSION = YES;
				CLANG_WARN_INT_CONVERSION = YES;
				CLANG_WARN_NON_LITERAL_NULL_CONVERSION = YES;
				CLANG_WARN_OBJC_IMPLICIT_RETAIN_SELF = YES;
				CLANG_WARN_OBJC_LITERAL_CONVERSION = YES;
				CLANG_WARN_OBJC_ROOT_CLASS = YES_ERROR;
				CLANG_WARN_QUOTED_INCLUDE_IN_FRAMEWORK_HEADER = YES;
				CLANG_WARN_RANGE_LOOP_ANALYSIS = YES;
				CLANG_WARN_STRICT_PROTOTYPES = YES;
				CLANG_WARN_SUSPICIOUS_MOVE = YES;
				CLANG_WARN_UNGUARDED_AVAILABILITY = YES_AGGRESSIVE;
				CLANG_WARN_UNREACHABLE_CODE = YES;
				CLANG_WARN__DUPLICATE_METHOD_MATCH = YES;
				COPY_PHASE_STRIP = NO;
				DEBUG_INFORMATION_FORMAT = dwarf;
				ENABLE_STRICT_OBJC_MSGSEND = YES;
				ENABLE_TESTABILITY = YES;
				ENABLE_USER_SCRIPT_SANDBOXING = YES;
				GCC_C_LANGUAGE_STANDARD = gnu17;
				GCC_DYNAMIC_NO_PIC = NO;
				GCC_NO_COMMON_BLOCKS = YES;
				GCC_OPTIMIZATION_LEVEL = 0;
				GCC_PREPROCESSOR_DEFINITIONS = (
					"DEBUG=1",
					"$(inherited)",
				);
				GCC_WARN_64_TO_32_BIT_CONVERSION = YES;
				GCC_WARN_ABOUT_RETURN_TYPE = YES_ERROR;
				GCC_WARN_UNDECLARED_SELECTOR = YES;
				GCC_WARN_UNINITIALIZED_AUTOS = YES_AGGRESSIVE;
				GCC_WARN_UNUSED_FUNCTION = YES;
				GCC_WARN_UNUSED_VARIABLE = YES;
				IPHONEOS_DEPLOYMENT_TARGET = 17.4;
				LOCALIZATION_PREFERS_STRING_CATALOGS = YES;
				MTL_ENABLE_DEBUG_INFO = INCLUDE_SOURCE;
				MTL_FAST_MATH = YES;
				ONLY_ACTIVE_ARCH = YES;
				SDKROOT = iphoneos;
				SWIFT_ACTIVE_COMPILATION_CONDITIONS = "DEBUG $(inherited)";
				SWIFT_OPTIMIZATION_LEVEL = "-Onone";
			};
			name = Debug;
		};
		F52B2C562BE66073006ACF7A /* Release */ = {
			isa = XCBuildConfiguration;
			buildSettings = {
				ALWAYS_SEARCH_USER_PATHS = NO;
				ASSETCATALOG_COMPILER_GENERATE_SWIFT_ASSET_SYMBOL_EXTENSIONS = YES;
				CLANG_ANALYZER_NONNULL = YES;
				CLANG_ANALYZER_NUMBER_OBJECT_CONVERSION = YES_AGGRESSIVE;
				CLANG_CXX_LANGUAGE_STANDARD = "gnu++20";
				CLANG_ENABLE_MODULES = YES;
				CLANG_ENABLE_OBJC_ARC = YES;
				CLANG_ENABLE_OBJC_WEAK = YES;
				CLANG_WARN_BLOCK_CAPTURE_AUTORELEASING = YES;
				CLANG_WARN_BOOL_CONVERSION = YES;
				CLANG_WARN_COMMA = YES;
				CLANG_WARN_CONSTANT_CONVERSION = YES;
				CLANG_WARN_DEPRECATED_OBJC_IMPLEMENTATIONS = YES;
				CLANG_WARN_DIRECT_OBJC_ISA_USAGE = YES_ERROR;
				CLANG_WARN_DOCUMENTATION_COMMENTS = YES;
				CLANG_WARN_EMPTY_BODY = YES;
				CLANG_WARN_ENUM_CONVERSION = YES;
				CLANG_WARN_INFINITE_RECURSION = YES;
				CLANG_WARN_INT_CONVERSION = YES;
				CLANG_WARN_NON_LITERAL_NULL_CONVERSION = YES;
				CLANG_WARN_OBJC_IMPLICIT_RETAIN_SELF = YES;
				CLANG_WARN_OBJC_LITERAL_CONVERSION = YES;
				CLANG_WARN_OBJC_ROOT_CLASS = YES_ERROR;
				CLANG_WARN_QUOTED_INCLUDE_IN_FRAMEWORK_HEADER = YES;
				CLANG_WARN_RANGE_LOOP_ANALYSIS = YES;
				CLANG_WARN_STRICT_PROTOTYPES = YES;
				CLANG_WARN_SUSPICIOUS_MOVE = YES;
				CLANG_WARN_UNGUARDED_AVAILABILITY = YES_AGGRESSIVE;
				CLANG_WARN_UNREACHABLE_CODE = YES;
				CLANG_WARN__DUPLICATE_METHOD_MATCH = YES;
				COPY_PHASE_STRIP = NO;
				DEBUG_INFORMATION_FORMAT = "dwarf-with-dsym";
				ENABLE_NS_ASSERTIONS = NO;
				ENABLE_STRICT_OBJC_MSGSEND = YES;
				ENABLE_USER_SCRIPT_SANDBOXING = YES;
				GCC_C_LANGUAGE_STANDARD = gnu17;
				GCC_NO_COMMON_BLOCKS = YES;
				GCC_WARN_64_TO_32_BIT_CONVERSION = YES;
				GCC_WARN_ABOUT_RETURN_TYPE = YES_ERROR;
				GCC_WARN_UNDECLARED_SELECTOR = YES;
				GCC_WARN_UNINITIALIZED_AUTOS = YES_AGGRESSIVE;
				GCC_WARN_UNUSED_FUNCTION = YES;
				GCC_WARN_UNUSED_VARIABLE = YES;
				IPHONEOS_DEPLOYMENT_TARGET = 17.4;
				LOCALIZATION_PREFERS_STRING_CATALOGS = YES;
				MTL_ENABLE_DEBUG_INFO = NO;
				MTL_FAST_MATH = YES;
				SDKROOT = iphoneos;
				SWIFT_COMPILATION_MODE = wholemodule;
				VALIDATE_PRODUCT = YES;
			};
			name = Release;
		};
		F52B2C582BE66073006ACF7A /* Debug */ = {
			isa = XCBuildConfiguration;
			buildSettings = {
				ASSETCATALOG_COMPILER_APPICON_NAME = AppIcon;
				ASSETCATALOG_COMPILER_GLOBAL_ACCENT_COLOR_NAME = AccentColor;
				CODE_SIGN_STYLE = Automatic;
				CURRENT_PROJECT_VERSION = 1;
				DEVELOPMENT_TEAM = T89868475G;
				GENERATE_INFOPLIST_FILE = YES;
				INFOPLIST_FILE = GHFollowersApp/Info.plist;
				INFOPLIST_KEY_CFBundleDisplayName = "Github Followers";
				INFOPLIST_KEY_LSApplicationCategoryType = "public.app-category.developer-tools";
				INFOPLIST_KEY_UIApplicationSupportsIndirectInputEvents = YES;
				INFOPLIST_KEY_UILaunchStoryboardName = LaunchScreen;
				INFOPLIST_KEY_UISupportedInterfaceOrientations = UIInterfaceOrientationPortrait;
				INFOPLIST_KEY_UISupportedInterfaceOrientations_iPad = "UIInterfaceOrientationLandscapeLeft UIInterfaceOrientationLandscapeRight UIInterfaceOrientationPortrait UIInterfaceOrientationPortraitUpsideDown";
				LD_RUNPATH_SEARCH_PATHS = (
					"$(inherited)",
					"@executable_path/Frameworks",
				);
				MARKETING_VERSION = 1.0;
				PRODUCT_BUNDLE_IDENTIFIER = com.abdullaharslan.info.GHFollowersApp;
				PRODUCT_NAME = "$(TARGET_NAME)";
				SUPPORTED_PLATFORMS = "iphoneos iphonesimulator";
				SUPPORTS_MACCATALYST = NO;
				SUPPORTS_MAC_DESIGNED_FOR_IPHONE_IPAD = NO;
				SUPPORTS_XR_DESIGNED_FOR_IPHONE_IPAD = NO;
				SWIFT_EMIT_LOC_STRINGS = YES;
				SWIFT_VERSION = 5.0;
				TARGETED_DEVICE_FAMILY = 1;
			};
			name = Debug;
		};
		F52B2C592BE66073006ACF7A /* Release */ = {
			isa = XCBuildConfiguration;
			buildSettings = {
				ASSETCATALOG_COMPILER_APPICON_NAME = AppIcon;
				ASSETCATALOG_COMPILER_GLOBAL_ACCENT_COLOR_NAME = AccentColor;
				CODE_SIGN_STYLE = Automatic;
				CURRENT_PROJECT_VERSION = 1;
				DEVELOPMENT_TEAM = T89868475G;
				GENERATE_INFOPLIST_FILE = YES;
				INFOPLIST_FILE = GHFollowersApp/Info.plist;
				INFOPLIST_KEY_CFBundleDisplayName = "Github Followers";
				INFOPLIST_KEY_LSApplicationCategoryType = "public.app-category.developer-tools";
				INFOPLIST_KEY_UIApplicationSupportsIndirectInputEvents = YES;
				INFOPLIST_KEY_UILaunchStoryboardName = LaunchScreen;
				INFOPLIST_KEY_UISupportedInterfaceOrientations = UIInterfaceOrientationPortrait;
				INFOPLIST_KEY_UISupportedInterfaceOrientations_iPad = "UIInterfaceOrientationLandscapeLeft UIInterfaceOrientationLandscapeRight UIInterfaceOrientationPortrait UIInterfaceOrientationPortraitUpsideDown";
				LD_RUNPATH_SEARCH_PATHS = (
					"$(inherited)",
					"@executable_path/Frameworks",
				);
				MARKETING_VERSION = 1.0;
				PRODUCT_BUNDLE_IDENTIFIER = com.abdullaharslan.info.GHFollowersApp;
				PRODUCT_NAME = "$(TARGET_NAME)";
				SUPPORTED_PLATFORMS = "iphoneos iphonesimulator";
				SUPPORTS_MACCATALYST = NO;
				SUPPORTS_MAC_DESIGNED_FOR_IPHONE_IPAD = NO;
				SUPPORTS_XR_DESIGNED_FOR_IPHONE_IPAD = NO;
				SWIFT_EMIT_LOC_STRINGS = YES;
				SWIFT_VERSION = 5.0;
				TARGETED_DEVICE_FAMILY = 1;
			};
			name = Release;
		};
/* End XCBuildConfiguration section */

/* Begin XCConfigurationList section */
		F52B2C3E2BE66071006ACF7A /* Build configuration list for PBXProject "GHFollowersApp" */ = {
			isa = XCConfigurationList;
			buildConfigurations = (
				F52B2C552BE66073006ACF7A /* Debug */,
				F52B2C562BE66073006ACF7A /* Release */,
			);
			defaultConfigurationIsVisible = 0;
			defaultConfigurationName = Release;
		};
		F52B2C572BE66073006ACF7A /* Build configuration list for PBXNativeTarget "GHFollowersApp" */ = {
			isa = XCConfigurationList;
			buildConfigurations = (
				F52B2C582BE66073006ACF7A /* Debug */,
				F52B2C592BE66073006ACF7A /* Release */,
			);
			defaultConfigurationIsVisible = 0;
			defaultConfigurationName = Release;
		};
/* End XCConfigurationList section */
	};
	rootObject = F52B2C3B2BE66071006ACF7A /* Project object */;
}
